// !$*UTF8*$!
{
	archiveVersion = 1;
	classes = {
	};
	objectVersion = 46;
	objects = {

/* Begin PBXBuildFile section */
		8040E9671978FD59000D66C7 /* Foundation.framework in Frameworks */ = {isa = PBXBuildFile; fileRef = 8040E9661978FD59000D66C7 /* Foundation.framework */; };
		8040E9691978FD59000D66C7 /* CoreGraphics.framework in Frameworks */ = {isa = PBXBuildFile; fileRef = 8040E9681978FD59000D66C7 /* CoreGraphics.framework */; };
		8040E96B1978FD59000D66C7 /* UIKit.framework in Frameworks */ = {isa = PBXBuildFile; fileRef = 8040E96A1978FD59000D66C7 /* UIKit.framework */; };
		8040E9711978FD59000D66C7 /* InfoPlist.strings in Resources */ = {isa = PBXBuildFile; fileRef = 8040E96F1978FD59000D66C7 /* InfoPlist.strings */; };
		8040E9731978FD59000D66C7 /* main.m in Sources */ = {isa = PBXBuildFile; fileRef = 8040E9721978FD59000D66C7 /* main.m */; };
		8040E9771978FD59000D66C7 /* BFTAppDelegate.m in Sources */ = {isa = PBXBuildFile; fileRef = 8040E9761978FD59000D66C7 /* BFTAppDelegate.m */; };
		8040E97A1978FD59000D66C7 /* Main.storyboard in Resources */ = {isa = PBXBuildFile; fileRef = 8040E9781978FD59000D66C7 /* Main.storyboard */; };
		8040E97D1978FD59000D66C7 /* BFTViewController.m in Sources */ = {isa = PBXBuildFile; fileRef = 8040E97C1978FD59000D66C7 /* BFTViewController.m */; };
		8040E97F1978FD59000D66C7 /* Images.xcassets in Resources */ = {isa = PBXBuildFile; fileRef = 8040E97E1978FD59000D66C7 /* Images.xcassets */; };
		8040E9861978FD59000D66C7 /* XCTest.framework in Frameworks */ = {isa = PBXBuildFile; fileRef = 8040E9851978FD59000D66C7 /* XCTest.framework */; };
		8040E9871978FD59000D66C7 /* Foundation.framework in Frameworks */ = {isa = PBXBuildFile; fileRef = 8040E9661978FD59000D66C7 /* Foundation.framework */; };
		8040E9881978FD59000D66C7 /* UIKit.framework in Frameworks */ = {isa = PBXBuildFile; fileRef = 8040E96A1978FD59000D66C7 /* UIKit.framework */; };
		8040E9901978FD59000D66C7 /* InfoPlist.strings in Resources */ = {isa = PBXBuildFile; fileRef = 8040E98E1978FD59000D66C7 /* InfoPlist.strings */; };
		8040E9921978FD59000D66C7 /* BafitTests.m in Sources */ = {isa = PBXBuildFile; fileRef = 8040E9911978FD59000D66C7 /* BafitTests.m */; };
/* End PBXBuildFile section */

/* Begin PBXContainerItemProxy section */
		8040E9891978FD59000D66C7 /* PBXContainerItemProxy */ = {
			isa = PBXContainerItemProxy;
			containerPortal = 8040E95B1978FD59000D66C7 /* Project object */;
			proxyType = 1;
			remoteGlobalIDString = 8040E9621978FD59000D66C7;
			remoteInfo = Bafit;
		};
/* End PBXContainerItemProxy section */

/* Begin PBXFileReference section */
		8040E9631978FD59000D66C7 /* Bafit.app */ = {isa = PBXFileReference; explicitFileType = wrapper.application; includeInIndex = 0; path = Bafit.app; sourceTree = BUILT_PRODUCTS_DIR; };
		8040E9661978FD59000D66C7 /* Foundation.framework */ = {isa = PBXFileReference; lastKnownFileType = wrapper.framework; name = Foundation.framework; path = System/Library/Frameworks/Foundation.framework; sourceTree = SDKROOT; };
		8040E9681978FD59000D66C7 /* CoreGraphics.framework */ = {isa = PBXFileReference; lastKnownFileType = wrapper.framework; name = CoreGraphics.framework; path = System/Library/Frameworks/CoreGraphics.framework; sourceTree = SDKROOT; };
		8040E96A1978FD59000D66C7 /* UIKit.framework */ = {isa = PBXFileReference; lastKnownFileType = wrapper.framework; name = UIKit.framework; path = System/Library/Frameworks/UIKit.framework; sourceTree = SDKROOT; };
		8040E96E1978FD59000D66C7 /* Bafit-Info.plist */ = {isa = PBXFileReference; lastKnownFileType = text.plist.xml; path = "Bafit-Info.plist"; sourceTree = "<group>"; };
		8040E9701978FD59000D66C7 /* en */ = {isa = PBXFileReference; lastKnownFileType = text.plist.strings; name = en; path = en.lproj/InfoPlist.strings; sourceTree = "<group>"; };
		8040E9721978FD59000D66C7 /* main.m */ = {isa = PBXFileReference; lastKnownFileType = sourcecode.c.objc; path = main.m; sourceTree = "<group>"; };
		8040E9741978FD59000D66C7 /* Bafit-Prefix.pch */ = {isa = PBXFileReference; lastKnownFileType = sourcecode.c.h; path = "Bafit-Prefix.pch"; sourceTree = "<group>"; };
		8040E9751978FD59000D66C7 /* BFTAppDelegate.h */ = {isa = PBXFileReference; lastKnownFileType = sourcecode.c.h; path = BFTAppDelegate.h; sourceTree = "<group>"; };
		8040E9761978FD59000D66C7 /* BFTAppDelegate.m */ = {isa = PBXFileReference; lastKnownFileType = sourcecode.c.objc; path = BFTAppDelegate.m; sourceTree = "<group>"; };
		8040E9791978FD59000D66C7 /* Base */ = {isa = PBXFileReference; lastKnownFileType = file.storyboard; name = Base; path = Base.lproj/Main.storyboard; sourceTree = "<group>"; };
		8040E97B1978FD59000D66C7 /* BFTViewController.h */ = {isa = PBXFileReference; lastKnownFileType = sourcecode.c.h; path = BFTViewController.h; sourceTree = "<group>"; };
		8040E97C1978FD59000D66C7 /* BFTViewController.m */ = {isa = PBXFileReference; lastKnownFileType = sourcecode.c.objc; path = BFTViewController.m; sourceTree = "<group>"; };
		8040E97E1978FD59000D66C7 /* Images.xcassets */ = {isa = PBXFileReference; lastKnownFileType = folder.assetcatalog; path = Images.xcassets; sourceTree = "<group>"; };
		8040E9841978FD59000D66C7 /* BafitTests.xctest */ = {isa = PBXFileReference; explicitFileType = wrapper.cfbundle; includeInIndex = 0; path = BafitTests.xctest; sourceTree = BUILT_PRODUCTS_DIR; };
		8040E9851978FD59000D66C7 /* XCTest.framework */ = {isa = PBXFileReference; lastKnownFileType = wrapper.framework; name = XCTest.framework; path = Library/Frameworks/XCTest.framework; sourceTree = DEVELOPER_DIR; };
		8040E98D1978FD59000D66C7 /* BafitTests-Info.plist */ = {isa = PBXFileReference; lastKnownFileType = text.plist.xml; path = "BafitTests-Info.plist"; sourceTree = "<group>"; };
		8040E98F1978FD59000D66C7 /* en */ = {isa = PBXFileReference; lastKnownFileType = text.plist.strings; name = en; path = en.lproj/InfoPlist.strings; sourceTree = "<group>"; };
		8040E9911978FD59000D66C7 /* BafitTests.m */ = {isa = PBXFileReference; lastKnownFileType = sourcecode.c.objc; path = BafitTests.m; sourceTree = "<group>"; };
/* End PBXFileReference section */

/* Begin PBXFrameworksBuildPhase section */
		8040E9601978FD59000D66C7 /* Frameworks */ = {
			isa = PBXFrameworksBuildPhase;
			buildActionMask = 2147483647;
			files = (
				8040E9691978FD59000D66C7 /* CoreGraphics.framework in Frameworks */,
				8040E96B1978FD59000D66C7 /* UIKit.framework in Frameworks */,
				8040E9671978FD59000D66C7 /* Foundation.framework in Frameworks */,
			);
			runOnlyForDeploymentPostprocessing = 0;
		};
		8040E9811978FD59000D66C7 /* Frameworks */ = {
			isa = PBXFrameworksBuildPhase;
			buildActionMask = 2147483647;
			files = (
				8040E9861978FD59000D66C7 /* XCTest.framework in Frameworks */,
				8040E9881978FD59000D66C7 /* UIKit.framework in Frameworks */,
				8040E9871978FD59000D66C7 /* Foundation.framework in Frameworks */,
			);
			runOnlyForDeploymentPostprocessing = 0;
		};
/* End PBXFrameworksBuildPhase section */

/* Begin PBXGroup section */
		8040E95A1978FD59000D66C7 = {
			isa = PBXGroup;
			children = (
				8040E96C1978FD59000D66C7 /* Bafit */,
				8040E98B1978FD59000D66C7 /* BafitTests */,
				8040E9651978FD59000D66C7 /* Frameworks */,
				8040E9641978FD59000D66C7 /* Products */,
			);
			sourceTree = "<group>";
		};
		8040E9641978FD59000D66C7 /* Products */ = {
			isa = PBXGroup;
			children = (
				8040E9631978FD59000D66C7 /* Bafit.app */,
				8040E9841978FD59000D66C7 /* BafitTests.xctest */,
			);
			name = Products;
			sourceTree = "<group>";
		};
		8040E9651978FD59000D66C7 /* Frameworks */ = {
			isa = PBXGroup;
			children = (
				8040E9661978FD59000D66C7 /* Foundation.framework */,
				8040E9681978FD59000D66C7 /* CoreGraphics.framework */,
				8040E96A1978FD59000D66C7 /* UIKit.framework */,
				8040E9851978FD59000D66C7 /* XCTest.framework */,
			);
			name = Frameworks;
			sourceTree = "<group>";
		};
		8040E96C1978FD59000D66C7 /* Bafit */ = {
			isa = PBXGroup;
			children = (
				8040E9751978FD59000D66C7 /* BFTAppDelegate.h */,
				8040E9761978FD59000D66C7 /* BFTAppDelegate.m */,
				8040E9781978FD59000D66C7 /* Main.storyboard */,
				8040E97B1978FD59000D66C7 /* BFTViewController.h */,
				8040E97C1978FD59000D66C7 /* BFTViewController.m */,
				8040E97E1978FD59000D66C7 /* Images.xcassets */,
				8040E96D1978FD59000D66C7 /* Supporting Files */,
			);
			path = Bafit;
			sourceTree = "<group>";
		};
		8040E96D1978FD59000D66C7 /* Supporting Files */ = {
			isa = PBXGroup;
			children = (
				8040E96E1978FD59000D66C7 /* Bafit-Info.plist */,
				8040E96F1978FD59000D66C7 /* InfoPlist.strings */,
				8040E9721978FD59000D66C7 /* main.m */,
				8040E9741978FD59000D66C7 /* Bafit-Prefix.pch */,
			);
			name = "Supporting Files";
			sourceTree = "<group>";
		};
		8040E98B1978FD59000D66C7 /* BafitTests */ = {
			isa = PBXGroup;
			children = (
				8040E9911978FD59000D66C7 /* BafitTests.m */,
				8040E98C1978FD59000D66C7 /* Supporting Files */,
			);
			path = BafitTests;
			sourceTree = "<group>";
		};
		8040E98C1978FD59000D66C7 /* Supporting Files */ = {
			isa = PBXGroup;
			children = (
				8040E98D1978FD59000D66C7 /* BafitTests-Info.plist */,
				8040E98E1978FD59000D66C7 /* InfoPlist.strings */,
			);
			name = "Supporting Files";
			sourceTree = "<group>";
		};
/* End PBXGroup section */

/* Begin PBXNativeTarget section */
		8040E9621978FD59000D66C7 /* Bafit */ = {
			isa = PBXNativeTarget;
			buildConfigurationList = 8040E9951978FD59000D66C7 /* Build configuration list for PBXNativeTarget "Bafit" */;
			buildPhases = (
				8040E95F1978FD59000D66C7 /* Sources */,
				8040E9601978FD59000D66C7 /* Frameworks */,
				8040E9611978FD59000D66C7 /* Resources */,
			);
			buildRules = (
			);
			dependencies = (
			);
			name = Bafit;
			productName = Bafit;
			productReference = 8040E9631978FD59000D66C7 /* Bafit.app */;
			productType = "com.apple.product-type.application";
		};
		8040E9831978FD59000D66C7 /* BafitTests */ = {
			isa = PBXNativeTarget;
			buildConfigurationList = 8040E9981978FD59000D66C7 /* Build configuration list for PBXNativeTarget "BafitTests" */;
			buildPhases = (
				8040E9801978FD59000D66C7 /* Sources */,
				8040E9811978FD59000D66C7 /* Frameworks */,
				8040E9821978FD59000D66C7 /* Resources */,
			);
			buildRules = (
			);
			dependencies = (
				8040E98A1978FD59000D66C7 /* PBXTargetDependency */,
			);
			name = BafitTests;
			productName = BafitTests;
			productReference = 8040E9841978FD59000D66C7 /* BafitTests.xctest */;
			productType = "com.apple.product-type.bundle.unit-test";
		};
/* End PBXNativeTarget section */

/* Begin PBXProject section */
		8040E95B1978FD59000D66C7 /* Project object */ = {
			isa = PBXProject;
			attributes = {
				CLASSPREFIX = BFT;
				LastUpgradeCheck = 0510;
				ORGANIZATIONNAME = Bafit;
				TargetAttributes = {
					8040E9831978FD59000D66C7 = {
						TestTargetID = 8040E9621978FD59000D66C7;
					};
				};
			};
			buildConfigurationList = 8040E95E1978FD59000D66C7 /* Build configuration list for PBXProject "Bafit" */;
			compatibilityVersion = "Xcode 3.2";
			developmentRegion = English;
			hasScannedForEncodings = 0;
			knownRegions = (
				en,
				Base,
			);
			mainGroup = 8040E95A1978FD59000D66C7;
			productRefGroup = 8040E9641978FD59000D66C7 /* Products */;
			projectDirPath = "";
			projectRoot = "";
			targets = (
				8040E9621978FD59000D66C7 /* Bafit */,
				8040E9831978FD59000D66C7 /* BafitTests */,
			);
		};
/* End PBXProject section */

/* Begin PBXResourcesBuildPhase section */
		8040E9611978FD59000D66C7 /* Resources */ = {
			isa = PBXResourcesBuildPhase;
			buildActionMask = 2147483647;
			files = (
				8040E97F1978FD59000D66C7 /* Images.xcassets in Resources */,
				8040E9711978FD59000D66C7 /* InfoPlist.strings in Resources */,
				8040E97A1978FD59000D66C7 /* Main.storyboard in Resources */,
			);
			runOnlyForDeploymentPostprocessing = 0;
		};
		8040E9821978FD59000D66C7 /* Resources */ = {
			isa = PBXResourcesBuildPhase;
			buildActionMask = 2147483647;
			files = (
				8040E9901978FD59000D66C7 /* InfoPlist.strings in Resources */,
			);
			runOnlyForDeploymentPostprocessing = 0;
		};
/* End PBXResourcesBuildPhase section */

/* Begin PBXSourcesBuildPhase section */
		8040E95F1978FD59000D66C7 /* Sources */ = {
			isa = PBXSourcesBuildPhase;
			buildActionMask = 2147483647;
			files = (
				8040E9731978FD59000D66C7 /* main.m in Sources */,
				8040E9771978FD59000D66C7 /* BFTAppDelegate.m in Sources */,
				8040E97D1978FD59000D66C7 /* BFTViewController.m in Sources */,
			);
			runOnlyForDeploymentPostprocessing = 0;
		};
		8040E9801978FD59000D66C7 /* Sources */ = {
			isa = PBXSourcesBuildPhase;
			buildActionMask = 2147483647;
			files = (
				8040E9921978FD59000D66C7 /* BafitTests.m in Sources */,
			);
			runOnlyForDeploymentPostprocessing = 0;
		};
/* End PBXSourcesBuildPhase section */

/* Begin PBXTargetDependency section */
		8040E98A1978FD59000D66C7 /* PBXTargetDependency */ = {
			isa = PBXTargetDependency;
			target = 8040E9621978FD59000D66C7 /* Bafit */;
			targetProxy = 8040E9891978FD59000D66C7 /* PBXContainerItemProxy */;
		};
/* End PBXTargetDependency section */

/* Begin PBXVariantGroup section */
		8040E96F1978FD59000D66C7 /* InfoPlist.strings */ = {
			isa = PBXVariantGroup;
			children = (
				8040E9701978FD59000D66C7 /* en */,
			);
			name = InfoPlist.strings;
			sourceTree = "<group>";
		};
		8040E9781978FD59000D66C7 /* Main.storyboard */ = {
			isa = PBXVariantGroup;
			children = (
				8040E9791978FD59000D66C7 /* Base */,
			);
			name = Main.storyboard;
			sourceTree = "<group>";
		};
		8040E98E1978FD59000D66C7 /* InfoPlist.strings */ = {
			isa = PBXVariantGroup;
			children = (
				8040E98F1978FD59000D66C7 /* en */,
			);
			name = InfoPlist.strings;
			sourceTree = "<group>";
		};
/* End PBXVariantGroup section */

/* Begin XCBuildConfiguration section */
		8040E9931978FD59000D66C7 /* Debug */ = {
			isa = XCBuildConfiguration;
			buildSettings = {
				ALWAYS_SEARCH_USER_PATHS = NO;
				CLANG_CXX_LANGUAGE_STANDARD = "gnu++0x";
				CLANG_CXX_LIBRARY = "libc++";
				CLANG_ENABLE_MODULES = YES;
				CLANG_ENABLE_OBJC_ARC = YES;
				CLANG_WARN_BOOL_CONVERSION = YES;
				CLANG_WARN_CONSTANT_CONVERSION = YES;
				CLANG_WARN_DIRECT_OBJC_ISA_USAGE = YES_ERROR;
				CLANG_WARN_EMPTY_BODY = YES;
				CLANG_WARN_ENUM_CONVERSION = YES;
				CLANG_WARN_INT_CONVERSION = YES;
				CLANG_WARN_OBJC_ROOT_CLASS = YES_ERROR;
				CLANG_WARN__DUPLICATE_METHOD_MATCH = YES;
				"CODE_SIGN_IDENTITY[sdk=iphoneos*]" = "iPhone Developer";
				COPY_PHASE_STRIP = NO;
				GCC_C_LANGUAGE_STANDARD = gnu99;
				GCC_DYNAMIC_NO_PIC = NO;
				GCC_OPTIMIZATION_LEVEL = 0;
				GCC_PREPROCESSOR_DEFINITIONS = (
					"DEBUG=1",
					"$(inherited)",
				);
				GCC_SYMBOLS_PRIVATE_EXTERN = NO;
				GCC_WARN_64_TO_32_BIT_CONVERSION = YES;
				GCC_WARN_ABOUT_RETURN_TYPE = YES_ERROR;
				GCC_WARN_UNDECLARED_SELECTOR = YES;
				GCC_WARN_UNINITIALIZED_AUTOS = YES_AGGRESSIVE;
				GCC_WARN_UNUSED_FUNCTION = YES;
				GCC_WARN_UNUSED_VARIABLE = YES;
				IPHONEOS_DEPLOYMENT_TARGET = 7.1;
				ONLY_ACTIVE_ARCH = YES;
				SDKROOT = iphoneos;
			};
			name = Debug;
		};
		8040E9941978FD59000D66C7 /* Release */ = {
			isa = XCBuildConfiguration;
			buildSettings = {
				ALWAYS_SEARCH_USER_PATHS = NO;
				CLANG_CXX_LANGUAGE_STANDARD = "gnu++0x";
				CLANG_CXX_LIBRARY = "libc++";
				CLANG_ENABLE_MODULES = YES;
				CLANG_ENABLE_OBJC_ARC = YES;
				CLANG_WARN_BOOL_CONVERSION = YES;
				CLANG_WARN_CONSTANT_CONVERSION = YES;
				CLANG_WARN_DIRECT_OBJC_ISA_USAGE = YES_ERROR;
				CLANG_WARN_EMPTY_BODY = YES;
				CLANG_WARN_ENUM_CONVERSION = YES;
				CLANG_WARN_INT_CONVERSION = YES;
				CLANG_WARN_OBJC_ROOT_CLASS = YES_ERROR;
				CLANG_WARN__DUPLICATE_METHOD_MATCH = YES;
				"CODE_SIGN_IDENTITY[sdk=iphoneos*]" = "iPhone Developer";
				COPY_PHASE_STRIP = YES;
				ENABLE_NS_ASSERTIONS = NO;
				GCC_C_LANGUAGE_STANDARD = gnu99;
				GCC_WARN_64_TO_32_BIT_CONVERSION = YES;
				GCC_WARN_ABOUT_RETURN_TYPE = YES_ERROR;
				GCC_WARN_UNDECLARED_SELECTOR = YES;
				GCC_WARN_UNINITIALIZED_AUTOS = YES_AGGRESSIVE;
				GCC_WARN_UNUSED_FUNCTION = YES;
				GCC_WARN_UNUSED_VARIABLE = YES;
				IPHONEOS_DEPLOYMENT_TARGET = 7.1;
				SDKROOT = iphoneos;
				VALIDATE_PRODUCT = YES;
			};
			name = Release;
		};
		8040E9961978FD59000D66C7 /* Debug */ = {
			isa = XCBuildConfiguration;
			buildSettings = {
				ASSETCATALOG_COMPILER_APPICON_NAME = AppIcon;
				ASSETCATALOG_COMPILER_LAUNCHIMAGE_NAME = LaunchImage;
				GCC_PRECOMPILE_PREFIX_HEADER = YES;
				GCC_PREFIX_HEADER = "Bafit/Bafit-Prefix.pch";
				INFOPLIST_FILE = "Bafit/Bafit-Info.plist";
				PRODUCT_NAME = "$(TARGET_NAME)";
				WRAPPER_EXTENSION = app;
			};
			name = Debug;
		};
		8040E9971978FD59000D66C7 /* Release */ = {
			isa = XCBuildConfiguration;
			buildSettings = {
				ASSETCATALOG_COMPILER_APPICON_NAME = AppIcon;
				ASSETCATALOG_COMPILER_LAUNCHIMAGE_NAME = LaunchImage;
				GCC_PRECOMPILE_PREFIX_HEADER = YES;
				GCC_PREFIX_HEADER = "Bafit/Bafit-Prefix.pch";
				INFOPLIST_FILE = "Bafit/Bafit-Info.plist";
				PRODUCT_NAME = "$(TARGET_NAME)";
				WRAPPER_EXTENSION = app;
			};
			name = Release;
		};
		8040E9991978FD59000D66C7 /* Debug */ = {
			isa = XCBuildConfiguration;
			buildSettings = {
				BUNDLE_LOADER = "$(BUILT_PRODUCTS_DIR)/Bafit.app/Bafit";
				FRAMEWORK_SEARCH_PATHS = (
					"$(SDKROOT)/Developer/Library/Frameworks",
					"$(inherited)",
					"$(DEVELOPER_FRAMEWORKS_DIR)",
				);
				GCC_PRECOMPILE_PREFIX_HEADER = YES;
				GCC_PREFIX_HEADER = "Bafit/Bafit-Prefix.pch";
				GCC_PREPROCESSOR_DEFINITIONS = (
					"DEBUG=1",
					"$(inherited)",
				);
				INFOPLIST_FILE = "BafitTests/BafitTests-Info.plist";
				PRODUCT_NAME = "$(TARGET_NAME)";
				TEST_HOST = "$(BUNDLE_LOADER)";
				WRAPPER_EXTENSION = xctest;
			};
			name = Debug;
		};
		8040E99A1978FD59000D66C7 /* Release */ = {
			isa = XCBuildConfiguration;
			buildSettings = {
				BUNDLE_LOADER = "$(BUILT_PRODUCTS_DIR)/Bafit.app/Bafit";
				FRAMEWORK_SEARCH_PATHS = (
					"$(SDKROOT)/Developer/Library/Frameworks",
					"$(inherited)",
					"$(DEVELOPER_FRAMEWORKS_DIR)",
				);
				GCC_PRECOMPILE_PREFIX_HEADER = YES;
				GCC_PREFIX_HEADER = "Bafit/Bafit-Prefix.pch";
				INFOPLIST_FILE = "BafitTests/BafitTests-Info.plist";
				PRODUCT_NAME = "$(TARGET_NAME)";
				TEST_HOST = "$(BUNDLE_LOADER)";
				WRAPPER_EXTENSION = xctest;
			};
			name = Release;
		};
/* End XCBuildConfiguration section */

/* Begin XCConfigurationList section */
		8040E95E1978FD59000D66C7 /* Build configuration list for PBXProject "Bafit" */ = {
			isa = XCConfigurationList;
			buildConfigurations = (
				8040E9931978FD59000D66C7 /* Debug */,
				8040E9941978FD59000D66C7 /* Release */,
			);
			defaultConfigurationIsVisible = 0;
			defaultConfigurationName = Release;
		};
		8040E9951978FD59000D66C7 /* Build configuration list for PBXNativeTarget "Bafit" */ = {
			isa = XCConfigurationList;
			buildConfigurations = (
				8040E9961978FD59000D66C7 /* Debug */,
				8040E9971978FD59000D66C7 /* Release */,
			);
			defaultConfigurationIsVisible = 0;
		};
		8040E9981978FD59000D66C7 /* Build configuration list for PBXNativeTarget "BafitTests" */ = {
			isa = XCConfigurationList;
			buildConfigurations = (
				8040E9991978FD59000D66C7 /* Debug */,
				8040E99A1978FD59000D66C7 /* Release */,
			);
			defaultConfigurationIsVisible = 0;
		};
/* End XCConfigurationList section */
	};
	rootObject = 8040E95B1978FD59000D66C7 /* Project object */;
}
